
Microsoft Visual Studio Solution File, Format Version 12.00
# Visual Studio Version 17
VisualStudioVersion = 17.10.35122.118
MinimumVisualStudioVersion = 10.0.40219.1
Project("{FAE04EC0-301F-11D3-BF4B-00C04F79EFBC}") = "hello world", "hello world.csproj", "{339B3372-06A4-43EB-8EEA-8543288ED658}"
EndProject
Global
	GlobalSection(SolutionConfigurationPlatforms) = preSolution
		Debug|Any CPU = Debug|Any CPU
		Release|Any CPU = Release|Any CPU
	EndGlobalSection
	GlobalSection(ProjectConfigurationPlatforms) = postSolution
		{339B3372-06A4-43EB-8EEA-8543288ED658}.Debug|Any CPU.ActiveCfg = Debug|Any CPU
		{339B3372-06A4-43EB-8EEA-8543288ED658}.Debug|Any CPU.Build.0 = Debug|Any CPU
		{339B3372-06A4-43EB-8EEA-8543288ED658}.Release|Any CPU.ActiveCfg = Release|Any CPU
		{339B3372-06A4-43EB-8EEA-8543288ED658}.Release|Any CPU.Build.0 = Release|Any CPU
	EndGlobalSection
	GlobalSection(SolutionProperties) = preSolution
		HideSolutionNode = FALSE
	EndGlobalSection
	GlobalSection(ExtensibilityGlobals) = postSolution
		SolutionGuid = {BA1D2A10-5D68-4D0E-96DF-2E59B5A874C9}
	EndGlobalSection
EndGlobal
